
Microsoft Visual Studio Solution File, Format Version 12.00
Project("{FAE04EC0-301F-11D3-BF4B-00C04F79EFBC}") = "Eshop.Server", "Server\Eshop.Server.csproj", "{DB8196B7-FD60-4495-817F-6A053CFA4273}"
EndProject
Project("{FAE04EC0-301F-11D3-BF4B-00C04F79EFBC}") = "Eshop.Client", "Client\Eshop.Client.csproj", "{9DD8AF66-FE2F-464B-A5D7-90EB10FA782B}"
EndProject
Project("{FAE04EC0-301F-11D3-BF4B-00C04F79EFBC}") = "Eshop.Shared", "Shared\Eshop.Shared.csproj", "{F59538FA-99FC-4AF2-8860-B719CD8F4C35}"
EndProject
Global
	GlobalSection(SolutionConfigurationPlatforms) = preSolution
		Debug|Any CPU = Debug|Any CPU
		Release|Any CPU = Release|Any CPU
	EndGlobalSection
	GlobalSection(ProjectConfigurationPlatforms) = postSolution
		{DB8196B7-FD60-4495-817F-6A053CFA4273}.Debug|Any CPU.ActiveCfg = Debug|Any CPU
		{DB8196B7-FD60-4495-817F-6A053CFA4273}.Debug|Any CPU.Build.0 = Debug|Any CPU
		{DB8196B7-FD60-4495-817F-6A053CFA4273}.Release|Any CPU.ActiveCfg = Release|Any CPU
		{DB8196B7-FD60-4495-817F-6A053CFA4273}.Release|Any CPU.Build.0 = Release|Any CPU
		{9DD8AF66-FE2F-464B-A5D7-90EB10FA782B}.Debug|Any CPU.ActiveCfg = Debug|Any CPU
		{9DD8AF66-FE2F-464B-A5D7-90EB10FA782B}.Debug|Any CPU.Build.0 = Debug|Any CPU
		{9DD8AF66-FE2F-464B-A5D7-90EB10FA782B}.Release|Any CPU.ActiveCfg = Release|Any CPU
		{9DD8AF66-FE2F-464B-A5D7-90EB10FA782B}.Release|Any CPU.Build.0 = Release|Any CPU
		{F59538FA-99FC-4AF2-8860-B719CD8F4C35}.Debug|Any CPU.ActiveCfg = Debug|Any CPU
		{F59538FA-99FC-4AF2-8860-B719CD8F4C35}.Debug|Any CPU.Build.0 = Debug|Any CPU
		{F59538FA-99FC-4AF2-8860-B719CD8F4C35}.Release|Any CPU.ActiveCfg = Release|Any CPU
		{F59538FA-99FC-4AF2-8860-B719CD8F4C35}.Release|Any CPU.Build.0 = Release|Any CPU
	EndGlobalSection
EndGlobal
